
Microsoft Visual Studio Solution File, Format Version 12.00
# Visual Studio Version 17
VisualStudioVersion = 17.2.32630.192
MinimumVisualStudioVersion = 10.0.40219.1
Project("{FAE04EC0-301F-11D3-BF4B-00C04F79EFBC}") = "ClinicClient", "ClinicClient\ClinicClient.csproj", "{C5C1DBBD-5060-487B-9CDE-84FC6B0489D2}"
EndProject
Global
	GlobalSection(SolutionConfigurationPlatforms) = preSolution
		Debug|Any CPU = Debug|Any CPU
		Release|Any CPU = Release|Any CPU
	EndGlobalSection
	GlobalSection(ProjectConfigurationPlatforms) = postSolution
		{C5C1DBBD-5060-487B-9CDE-84FC6B0489D2}.Debug|Any CPU.ActiveCfg = Debug|Any CPU
		{C5C1DBBD-5060-487B-9CDE-84FC6B0489D2}.Debug|Any CPU.Build.0 = Debug|Any CPU
		{C5C1DBBD-5060-487B-9CDE-84FC6B0489D2}.Release|Any CPU.ActiveCfg = Release|Any CPU
		{C5C1DBBD-5060-487B-9CDE-84FC6B0489D2}.Release|Any CPU.Build.0 = Release|Any CPU
	EndGlobalSection
	GlobalSection(SolutionProperties) = preSolution
		HideSolutionNode = FALSE
	EndGlobalSection
	GlobalSection(ExtensibilityGlobals) = postSolution
		SolutionGuid = {1F44E310-520A-4903-8E38-E914F0BBD0CC}
	EndGlobalSection
EndGlobal
