
Microsoft Visual Studio Solution File, Format Version 12.00
# Visual Studio Version 17
VisualStudioVersion = 17.2.32630.192
MinimumVisualStudioVersion = 10.0.40219.1
Project("{FAE04EC0-301F-11D3-BF4B-00C04F79EFBC}") = "ClinicDataAccessTest", "ClinicDataAccessTest\ClinicDataAccessTest.csproj", "{9AA94E9F-39EE-4F8C-B656-8E6F3DA91532}"
EndProject
Global
	GlobalSection(SolutionConfigurationPlatforms) = preSolution
		Debug|Any CPU = Debug|Any CPU
		Release|Any CPU = Release|Any CPU
	EndGlobalSection
	GlobalSection(ProjectConfigurationPlatforms) = postSolution
		{9AA94E9F-39EE-4F8C-B656-8E6F3DA91532}.Debug|Any CPU.ActiveCfg = Debug|Any CPU
		{9AA94E9F-39EE-4F8C-B656-8E6F3DA91532}.Debug|Any CPU.Build.0 = Debug|Any CPU
		{9AA94E9F-39EE-4F8C-B656-8E6F3DA91532}.Release|Any CPU.ActiveCfg = Release|Any CPU
		{9AA94E9F-39EE-4F8C-B656-8E6F3DA91532}.Release|Any CPU.Build.0 = Release|Any CPU
	EndGlobalSection
	GlobalSection(SolutionProperties) = preSolution
		HideSolutionNode = FALSE
	EndGlobalSection
	GlobalSection(ExtensibilityGlobals) = postSolution
		SolutionGuid = {77FB4090-58BA-4708-AE16-8E7BF8B49331}
	EndGlobalSection
EndGlobal
